
Microsoft Visual Studio Solution File, Format Version 12.00
# Visual Studio Version 16
VisualStudioVersion = 16.0.29215.179
MinimumVisualStudioVersion = 10.0.40219.1
Project("{FAE04EC0-301F-11D3-BF4B-00C04F79EFBC}") = "AngularJS_Practice_Project", "AngularJS_Practice_Project.csproj", "{C9A1653B-60E2-4ECD-8975-663AD66E5A24}"
EndProject
Global
	GlobalSection(SolutionConfigurationPlatforms) = preSolution
		Debug|Any CPU = Debug|Any CPU
		Release|Any CPU = Release|Any CPU
	EndGlobalSection
	GlobalSection(ProjectConfigurationPlatforms) = postSolution
		{C9A1653B-60E2-4ECD-8975-663AD66E5A24}.Debug|Any CPU.ActiveCfg = Debug|Any CPU
		{C9A1653B-60E2-4ECD-8975-663AD66E5A24}.Debug|Any CPU.Build.0 = Debug|Any CPU
		{C9A1653B-60E2-4ECD-8975-663AD66E5A24}.Release|Any CPU.ActiveCfg = Release|Any CPU
		{C9A1653B-60E2-4ECD-8975-663AD66E5A24}.Release|Any CPU.Build.0 = Release|Any CPU
	EndGlobalSection
	GlobalSection(SolutionProperties) = preSolution
		HideSolutionNode = FALSE
	EndGlobalSection
	GlobalSection(ExtensibilityGlobals) = postSolution
		SolutionGuid = {EF5E5065-B61E-4D91-A289-FB72EF64B5D6}
	EndGlobalSection
EndGlobal
